// !$*UTF8*$!
{
	archiveVersion = 1;
	classes = {
	};
	objectVersion = 56;
	objects = {

/* Begin PBXBuildFile section */
		150483412A38B64A003D878A /* data.swift in Sources */ = {isa = PBXBuildFile; fileRef = 150483402A38B64A003D878A /* data.swift */; };
		15254F0A2A38B2F100BDD11D /* Vcard.swift in Sources */ = {isa = PBXBuildFile; fileRef = 15254F092A38B2F100BDD11D /* Vcard.swift */; };
		1563A3B22A3624710047A02F /* loadingscreen.swift in Sources */ = {isa = PBXBuildFile; fileRef = 1563A3B12A3624710047A02F /* loadingscreen.swift */; };
		1563A3B42A3630F40047A02F /* SearchBar.swift in Sources */ = {isa = PBXBuildFile; fileRef = 1563A3B32A3630F40047A02F /* SearchBar.swift */; };
		157C09F32A2B94E10043DD80 /* home.swift in Sources */ = {isa = PBXBuildFile; fileRef = 157C09F22A2B94E10043DD80 /* home.swift */; };
		157EDE862A2D17960088C1FC /* scrollsection.swift in Sources */ = {isa = PBXBuildFile; fileRef = 157EDE852A2D17960088C1FC /* scrollsection.swift */; };
		157EDE8D2A2D27D40088C1FC /* pageview.swift in Sources */ = {isa = PBXBuildFile; fileRef = 157EDE8C2A2D27D40088C1FC /* pageview.swift */; };
		158332622A2B925B006746A6 /* information.swift in Sources */ = {isa = PBXBuildFile; fileRef = 158332612A2B925B006746A6 /* information.swift */; };
		158C64882A2CE4CE00FF65F1 /* TabData.swift in Sources */ = {isa = PBXBuildFile; fileRef = 158C64872A2CE4CE00FF65F1 /* TabData.swift */; };
		158C648E2A2CE7DB00FF65F1 /* CustomTabBar.swift in Sources */ = {isa = PBXBuildFile; fileRef = 158C648D2A2CE7DB00FF65F1 /* CustomTabBar.swift */; };
		15A1B1182A3604BB004BFAA7 /* CircleButton.swift in Sources */ = {isa = PBXBuildFile; fileRef = 15A1B1172A3604BB004BFAA7 /* CircleButton.swift */; };
		15AABA572A3739CF00021D75 /* equipeview.swift in Sources */ = {isa = PBXBuildFile; fileRef = 15AABA562A3739CF00021D75 /* equipeview.swift */; };
		15DA1C722A3BA2920070839E /* mangaview.swift in Sources */ = {isa = PBXBuildFile; fileRef = 15DA1C712A3BA2920070839E /* mangaview.swift */; };
		15E7731B2A2BBA9300989F00 /* mangas.swift in Sources */ = {isa = PBXBuildFile; fileRef = 15E7731A2A2BBA9300989F00 /* mangas.swift */; };
		15ECD3912A3F3CBC00E653CE /* ScanList.swift in Sources */ = {isa = PBXBuildFile; fileRef = 15ECD3902A3F3CBC00E653CE /* ScanList.swift */; };
		15EE93662A21227900F2DF65 /* littleXgardenApp.swift in Sources */ = {isa = PBXBuildFile; fileRef = 15EE93652A21227900F2DF65 /* littleXgardenApp.swift */; };
		15EE93682A21227900F2DF65 /* ContentView.swift in Sources */ = {isa = PBXBuildFile; fileRef = 15EE93672A21227900F2DF65 /* ContentView.swift */; };
		15EE936A2A21227A00F2DF65 /* Assets.xcassets in Resources */ = {isa = PBXBuildFile; fileRef = 15EE93692A21227A00F2DF65 /* Assets.xcassets */; };
		15EE936D2A21227A00F2DF65 /* Preview Assets.xcassets in Resources */ = {isa = PBXBuildFile; fileRef = 15EE936C2A21227A00F2DF65 /* Preview Assets.xcassets */; };
/* End PBXBuildFile section */

/* Begin PBXContainerItemProxy section */
		15EE93732A21227B00F2DF65 /* PBXContainerItemProxy */ = {
			isa = PBXContainerItemProxy;
			containerPortal = 15EE935A2A21227900F2DF65 /* Project object */;
			proxyType = 1;
			remoteGlobalIDString = 15EE93612A21227900F2DF65;
			remoteInfo = littleXgarden;
		};
		15EE937D2A21227B00F2DF65 /* PBXContainerItemProxy */ = {
			isa = PBXContainerItemProxy;
			containerPortal = 15EE935A2A21227900F2DF65 /* Project object */;
			proxyType = 1;
			remoteGlobalIDString = 15EE93612A21227900F2DF65;
			remoteInfo = littleXgarden;
		};
/* End PBXContainerItemProxy section */

/* Begin PBXFileReference section */
		150483402A38B64A003D878A /* data.swift */ = {isa = PBXFileReference; lastKnownFileType = sourcecode.swift; path = data.swift; sourceTree = "<group>"; };
		15254F092A38B2F100BDD11D /* Vcard.swift */ = {isa = PBXFileReference; lastKnownFileType = sourcecode.swift; path = Vcard.swift; sourceTree = "<group>"; };
		1563A3B12A3624710047A02F /* loadingscreen.swift */ = {isa = PBXFileReference; lastKnownFileType = sourcecode.swift; path = loadingscreen.swift; sourceTree = "<group>"; };
		1563A3B32A3630F40047A02F /* SearchBar.swift */ = {isa = PBXFileReference; lastKnownFileType = sourcecode.swift; path = SearchBar.swift; sourceTree = "<group>"; };
		157C09F22A2B94E10043DD80 /* home.swift */ = {isa = PBXFileReference; lastKnownFileType = sourcecode.swift; path = home.swift; sourceTree = "<group>"; };
		157EDE852A2D17960088C1FC /* scrollsection.swift */ = {isa = PBXFileReference; lastKnownFileType = sourcecode.swift; path = scrollsection.swift; sourceTree = "<group>"; };
		157EDE8C2A2D27D40088C1FC /* pageview.swift */ = {isa = PBXFileReference; lastKnownFileType = sourcecode.swift; path = pageview.swift; sourceTree = "<group>"; };
		158332612A2B925B006746A6 /* information.swift */ = {isa = PBXFileReference; lastKnownFileType = sourcecode.swift; path = information.swift; sourceTree = "<group>"; };
		158C64872A2CE4CE00FF65F1 /* TabData.swift */ = {isa = PBXFileReference; lastKnownFileType = sourcecode.swift; path = TabData.swift; sourceTree = "<group>"; };
		158C648D2A2CE7DB00FF65F1 /* CustomTabBar.swift */ = {isa = PBXFileReference; lastKnownFileType = sourcecode.swift; path = CustomTabBar.swift; sourceTree = "<group>"; };
		15A1B1172A3604BB004BFAA7 /* CircleButton.swift */ = {isa = PBXFileReference; lastKnownFileType = sourcecode.swift; path = CircleButton.swift; sourceTree = "<group>"; };
		15AABA562A3739CF00021D75 /* equipeview.swift */ = {isa = PBXFileReference; lastKnownFileType = sourcecode.swift; path = equipeview.swift; sourceTree = "<group>"; };
		15DA1C712A3BA2920070839E /* mangaview.swift */ = {isa = PBXFileReference; lastKnownFileType = sourcecode.swift; path = mangaview.swift; sourceTree = "<group>"; };
		15E7731A2A2BBA9300989F00 /* mangas.swift */ = {isa = PBXFileReference; lastKnownFileType = sourcecode.swift; path = mangas.swift; sourceTree = "<group>"; };
		15ECD3902A3F3CBC00E653CE /* ScanList.swift */ = {isa = PBXFileReference; lastKnownFileType = sourcecode.swift; path = ScanList.swift; sourceTree = "<group>"; };
		15EE93622A21227900F2DF65 /* littleXgarden.app */ = {isa = PBXFileReference; explicitFileType = wrapper.application; includeInIndex = 0; path = littleXgarden.app; sourceTree = BUILT_PRODUCTS_DIR; };
		15EE93652A21227900F2DF65 /* littleXgardenApp.swift */ = {isa = PBXFileReference; lastKnownFileType = sourcecode.swift; path = littleXgardenApp.swift; sourceTree = "<group>"; };
		15EE93672A21227900F2DF65 /* ContentView.swift */ = {isa = PBXFileReference; lastKnownFileType = sourcecode.swift; path = ContentView.swift; sourceTree = "<group>"; };
		15EE93692A21227A00F2DF65 /* Assets.xcassets */ = {isa = PBXFileReference; lastKnownFileType = folder.assetcatalog; path = Assets.xcassets; sourceTree = "<group>"; };
		15EE936C2A21227A00F2DF65 /* Preview Assets.xcassets */ = {isa = PBXFileReference; lastKnownFileType = folder.assetcatalog; path = "Preview Assets.xcassets"; sourceTree = "<group>"; };
		15EE93722A21227B00F2DF65 /* littleXgardenTests.xctest */ = {isa = PBXFileReference; explicitFileType = wrapper.cfbundle; includeInIndex = 0; path = littleXgardenTests.xctest; sourceTree = BUILT_PRODUCTS_DIR; };
		15EE937C2A21227B00F2DF65 /* littleXgardenUITests.xctest */ = {isa = PBXFileReference; explicitFileType = wrapper.cfbundle; includeInIndex = 0; path = littleXgardenUITests.xctest; sourceTree = BUILT_PRODUCTS_DIR; };
/* End PBXFileReference section */

/* Begin PBXFrameworksBuildPhase section */
		15EE935F2A21227900F2DF65 /* Frameworks */ = {
			isa = PBXFrameworksBuildPhase;
			buildActionMask = 2147483647;
			files = (
			);
			runOnlyForDeploymentPostprocessing = 0;
		};
		15EE936F2A21227B00F2DF65 /* Frameworks */ = {
			isa = PBXFrameworksBuildPhase;
			buildActionMask = 2147483647;
			files = (
			);
			runOnlyForDeploymentPostprocessing = 0;
		};
		15EE93792A21227B00F2DF65 /* Frameworks */ = {
			isa = PBXFrameworksBuildPhase;
			buildActionMask = 2147483647;
			files = (
			);
			runOnlyForDeploymentPostprocessing = 0;
		};
/* End PBXFrameworksBuildPhase section */

/* Begin PBXGroup section */
		157EDE842A2D15CC0088C1FC /* Data */ = {
			isa = PBXGroup;
			children = (
				158C64872A2CE4CE00FF65F1 /* TabData.swift */,
				157EDE852A2D17960088C1FC /* scrollsection.swift */,
				15254F092A38B2F100BDD11D /* Vcard.swift */,
				15A1B1172A3604BB004BFAA7 /* CircleButton.swift */,
				1563A3B32A3630F40047A02F /* SearchBar.swift */,
				150483402A38B64A003D878A /* data.swift */,
				15ECD3902A3F3CBC00E653CE /* ScanList.swift */,
			);
			path = Data;
			sourceTree = "<group>";
		};
		157EDE8B2A2D27B60088C1FC /* view */ = {
			isa = PBXGroup;
			children = (
				157EDE8C2A2D27D40088C1FC /* pageview.swift */,
				15AABA562A3739CF00021D75 /* equipeview.swift */,
				15DA1C712A3BA2920070839E /* mangaview.swift */,
			);
			path = view;
			sourceTree = "<group>";
		};
		1583325A2A2B83C5006746A6 /* PAGES */ = {
			isa = PBXGroup;
			children = (
				157C09F22A2B94E10043DD80 /* home.swift */,
				15E7731A2A2BBA9300989F00 /* mangas.swift */,
				158332612A2B925B006746A6 /* information.swift */,
				15EE93652A21227900F2DF65 /* littleXgardenApp.swift */,
				158C648D2A2CE7DB00FF65F1 /* CustomTabBar.swift */,
				1563A3B12A3624710047A02F /* loadingscreen.swift */,
				15EE93672A21227900F2DF65 /* ContentView.swift */,
			);
			path = PAGES;
			sourceTree = "<group>";
		};
		15EE93592A21227900F2DF65 = {
			isa = PBXGroup;
			children = (
				15EE93642A21227900F2DF65 /* littleXgarden */,
				15EE93632A21227900F2DF65 /* Products */,
			);
			sourceTree = "<group>";
		};
		15EE93632A21227900F2DF65 /* Products */ = {
			isa = PBXGroup;
			children = (
				15EE93622A21227900F2DF65 /* littleXgarden.app */,
				15EE93722A21227B00F2DF65 /* littleXgardenTests.xctest */,
				15EE937C2A21227B00F2DF65 /* littleXgardenUITests.xctest */,
			);
			name = Products;
			sourceTree = "<group>";
		};
		15EE93642A21227900F2DF65 /* littleXgarden */ = {
			isa = PBXGroup;
			children = (
				157EDE8B2A2D27B60088C1FC /* view */,
				157EDE842A2D15CC0088C1FC /* Data */,
				1583325A2A2B83C5006746A6 /* PAGES */,
				15EE93692A21227A00F2DF65 /* Assets.xcassets */,
				15EE936B2A21227A00F2DF65 /* Preview Content */,
			);
			path = littleXgarden;
			sourceTree = "<group>";
		};
		15EE936B2A21227A00F2DF65 /* Preview Content */ = {
			isa = PBXGroup;
			children = (
				15EE936C2A21227A00F2DF65 /* Preview Assets.xcassets */,
			);
			path = "Preview Content";
			sourceTree = "<group>";
		};
/* End PBXGroup section */

/* Begin PBXNativeTarget section */
		15EE93612A21227900F2DF65 /* littleXgarden */ = {
			isa = PBXNativeTarget;
			buildConfigurationList = 15EE93862A21227B00F2DF65 /* Build configuration list for PBXNativeTarget "littleXgarden" */;
			buildPhases = (
				15EE935E2A21227900F2DF65 /* Sources */,
				15EE935F2A21227900F2DF65 /* Frameworks */,
				15EE93602A21227900F2DF65 /* Resources */,
			);
			buildRules = (
			);
			dependencies = (
			);
			name = littleXgarden;
			productName = littleXgarden;
			productReference = 15EE93622A21227900F2DF65 /* littleXgarden.app */;
			productType = "com.apple.product-type.application";
		};
		15EE93712A21227B00F2DF65 /* littleXgardenTests */ = {
			isa = PBXNativeTarget;
			buildConfigurationList = 15EE93892A21227B00F2DF65 /* Build configuration list for PBXNativeTarget "littleXgardenTests" */;
			buildPhases = (
				15EE936E2A21227B00F2DF65 /* Sources */,
				15EE936F2A21227B00F2DF65 /* Frameworks */,
				15EE93702A21227B00F2DF65 /* Resources */,
			);
			buildRules = (
			);
			dependencies = (
				15EE93742A21227B00F2DF65 /* PBXTargetDependency */,
			);
			name = littleXgardenTests;
			productName = littleXgardenTests;
			productReference = 15EE93722A21227B00F2DF65 /* littleXgardenTests.xctest */;
			productType = "com.apple.product-type.bundle.unit-test";
		};
		15EE937B2A21227B00F2DF65 /* littleXgardenUITests */ = {
			isa = PBXNativeTarget;
			buildConfigurationList = 15EE938C2A21227B00F2DF65 /* Build configuration list for PBXNativeTarget "littleXgardenUITests" */;
			buildPhases = (
				15EE93782A21227B00F2DF65 /* Sources */,
				15EE93792A21227B00F2DF65 /* Frameworks */,
				15EE937A2A21227B00F2DF65 /* Resources */,
			);
			buildRules = (
			);
			dependencies = (
				15EE937E2A21227B00F2DF65 /* PBXTargetDependency */,
			);
			name = littleXgardenUITests;
			productName = littleXgardenUITests;
			productReference = 15EE937C2A21227B00F2DF65 /* littleXgardenUITests.xctest */;
			productType = "com.apple.product-type.bundle.ui-testing";
		};
/* End PBXNativeTarget section */

/* Begin PBXProject section */
		15EE935A2A21227900F2DF65 /* Project object */ = {
			isa = PBXProject;
			attributes = {
				BuildIndependentTargetsInParallel = 1;
				LastSwiftUpdateCheck = 1430;
				LastUpgradeCheck = 1430;
				TargetAttributes = {
					15EE93612A21227900F2DF65 = {
						CreatedOnToolsVersion = 14.3;
					};
					15EE93712A21227B00F2DF65 = {
						CreatedOnToolsVersion = 14.3;
						TestTargetID = 15EE93612A21227900F2DF65;
					};
					15EE937B2A21227B00F2DF65 = {
						CreatedOnToolsVersion = 14.3;
						TestTargetID = 15EE93612A21227900F2DF65;
					};
				};
			};
			buildConfigurationList = 15EE935D2A21227900F2DF65 /* Build configuration list for PBXProject "littleXgarden" */;
			compatibilityVersion = "Xcode 14.0";
			developmentRegion = en;
			hasScannedForEncodings = 0;
			knownRegions = (
				en,
				Base,
			);
			mainGroup = 15EE93592A21227900F2DF65;
			productRefGroup = 15EE93632A21227900F2DF65 /* Products */;
			projectDirPath = "";
			projectRoot = "";
			targets = (
				15EE93612A21227900F2DF65 /* littleXgarden */,
				15EE93712A21227B00F2DF65 /* littleXgardenTests */,
				15EE937B2A21227B00F2DF65 /* littleXgardenUITests */,
			);
		};
/* End PBXProject section */

/* Begin PBXResourcesBuildPhase section */
		15EE93602A21227900F2DF65 /* Resources */ = {
			isa = PBXResourcesBuildPhase;
			buildActionMask = 2147483647;
			files = (
				15EE936D2A21227A00F2DF65 /* Preview Assets.xcassets in Resources */,
				15EE936A2A21227A00F2DF65 /* Assets.xcassets in Resources */,
			);
			runOnlyForDeploymentPostprocessing = 0;
		};
		15EE93702A21227B00F2DF65 /* Resources */ = {
			isa = PBXResourcesBuildPhase;
			buildActionMask = 2147483647;
			files = (
			);
			runOnlyForDeploymentPostprocessing = 0;
		};
		15EE937A2A21227B00F2DF65 /* Resources */ = {
			isa = PBXResourcesBuildPhase;
			buildActionMask = 2147483647;
			files = (
			);
			runOnlyForDeploymentPostprocessing = 0;
		};
/* End PBXResourcesBuildPhase section */

/* Begin PBXSourcesBuildPhase section */
		15EE935E2A21227900F2DF65 /* Sources */ = {
			isa = PBXSourcesBuildPhase;
			buildActionMask = 2147483647;
			files = (
				158C64882A2CE4CE00FF65F1 /* TabData.swift in Sources */,
				15EE93682A21227900F2DF65 /* ContentView.swift in Sources */,
				1563A3B22A3624710047A02F /* loadingscreen.swift in Sources */,
				15ECD3912A3F3CBC00E653CE /* ScanList.swift in Sources */,
				157EDE862A2D17960088C1FC /* scrollsection.swift in Sources */,
				15254F0A2A38B2F100BDD11D /* Vcard.swift in Sources */,
				158C648E2A2CE7DB00FF65F1 /* CustomTabBar.swift in Sources */,
				1563A3B42A3630F40047A02F /* SearchBar.swift in Sources */,
				157C09F32A2B94E10043DD80 /* home.swift in Sources */,
				15A1B1182A3604BB004BFAA7 /* CircleButton.swift in Sources */,
				15DA1C722A3BA2920070839E /* mangaview.swift in Sources */,
				15E7731B2A2BBA9300989F00 /* mangas.swift in Sources */,
				15EE93662A21227900F2DF65 /* littleXgardenApp.swift in Sources */,
				158332622A2B925B006746A6 /* information.swift in Sources */,
				157EDE8D2A2D27D40088C1FC /* pageview.swift in Sources */,
				150483412A38B64A003D878A /* data.swift in Sources */,
				15AABA572A3739CF00021D75 /* equipeview.swift in Sources */,
			);
			runOnlyForDeploymentPostprocessing = 0;
		};
		15EE936E2A21227B00F2DF65 /* Sources */ = {
			isa = PBXSourcesBuildPhase;
			buildActionMask = 2147483647;
			files = (
			);
			runOnlyForDeploymentPostprocessing = 0;
		};
		15EE93782A21227B00F2DF65 /* Sources */ = {
			isa = PBXSourcesBuildPhase;
			buildActionMask = 2147483647;
			files = (
			);
			runOnlyForDeploymentPostprocessing = 0;
		};
/* End PBXSourcesBuildPhase section */

/* Begin PBXTargetDependency section */
		15EE93742A21227B00F2DF65 /* PBXTargetDependency */ = {
			isa = PBXTargetDependency;
			target = 15EE93612A21227900F2DF65 /* littleXgarden */;
			targetProxy = 15EE93732A21227B00F2DF65 /* PBXContainerItemProxy */;
		};
		15EE937E2A21227B00F2DF65 /* PBXTargetDependency */ = {
			isa = PBXTargetDependency;
			target = 15EE93612A21227900F2DF65 /* littleXgarden */;
			targetProxy = 15EE937D2A21227B00F2DF65 /* PBXContainerItemProxy */;
		};
/* End PBXTargetDependency section */

/* Begin XCBuildConfiguration section */
		15EE93842A21227B00F2DF65 /* Debug */ = {
			isa = XCBuildConfiguration;
			buildSettings = {
				ALWAYS_SEARCH_USER_PATHS = NO;
				CLANG_ANALYZER_NONNULL = YES;
				CLANG_ANALYZER_NUMBER_OBJECT_CONVERSION = YES_AGGRESSIVE;
				CLANG_CXX_LANGUAGE_STANDARD = "gnu++20";
				CLANG_ENABLE_MODULES = YES;
				CLANG_ENABLE_OBJC_ARC = YES;
				CLANG_ENABLE_OBJC_WEAK = YES;
				CLANG_WARN_BLOCK_CAPTURE_AUTORELEASING = YES;
				CLANG_WARN_BOOL_CONVERSION = YES;
				CLANG_WARN_COMMA = YES;
				CLANG_WARN_CONSTANT_CONVERSION = YES;
				CLANG_WARN_DEPRECATED_OBJC_IMPLEMENTATIONS = YES;
				CLANG_WARN_DIRECT_OBJC_ISA_USAGE = YES_ERROR;
				CLANG_WARN_DOCUMENTATION_COMMENTS = YES;
				CLANG_WARN_EMPTY_BODY = YES;
				CLANG_WARN_ENUM_CONVERSION = YES;
				CLANG_WARN_INFINITE_RECURSION = YES;
				CLANG_WARN_INT_CONVERSION = YES;
				CLANG_WARN_NON_LITERAL_NULL_CONVERSION = YES;
				CLANG_WARN_OBJC_IMPLICIT_RETAIN_SELF = YES;
				CLANG_WARN_OBJC_LITERAL_CONVERSION = YES;
				CLANG_WARN_OBJC_ROOT_CLASS = YES_ERROR;
				CLANG_WARN_QUOTED_INCLUDE_IN_FRAMEWORK_HEADER = YES;
				CLANG_WARN_RANGE_LOOP_ANALYSIS = YES;
				CLANG_WARN_STRICT_PROTOTYPES = YES;
				CLANG_WARN_SUSPICIOUS_MOVE = YES;
				CLANG_WARN_UNGUARDED_AVAILABILITY = YES_AGGRESSIVE;
				CLANG_WARN_UNREACHABLE_CODE = YES;
				CLANG_WARN__DUPLICATE_METHOD_MATCH = YES;
				COPY_PHASE_STRIP = NO;
				DEBUG_INFORMATION_FORMAT = dwarf;
				ENABLE_STRICT_OBJC_MSGSEND = YES;
				ENABLE_TESTABILITY = YES;
				GCC_C_LANGUAGE_STANDARD = gnu11;
				GCC_DYNAMIC_NO_PIC = NO;
				GCC_NO_COMMON_BLOCKS = YES;
				GCC_OPTIMIZATION_LEVEL = 0;
				GCC_PREPROCESSOR_DEFINITIONS = (
					"DEBUG=1",
					"$(inherited)",
				);
				GCC_WARN_64_TO_32_BIT_CONVERSION = YES;
				GCC_WARN_ABOUT_RETURN_TYPE = YES_ERROR;
				GCC_WARN_UNDECLARED_SELECTOR = YES;
				GCC_WARN_UNINITIALIZED_AUTOS = YES_AGGRESSIVE;
				GCC_WARN_UNUSED_FUNCTION = YES;
				GCC_WARN_UNUSED_VARIABLE = YES;
				IPHONEOS_DEPLOYMENT_TARGET = 16.4;
				MTL_ENABLE_DEBUG_INFO = INCLUDE_SOURCE;
				MTL_FAST_MATH = YES;
				ONLY_ACTIVE_ARCH = YES;
				SDKROOT = iphoneos;
				SWIFT_ACTIVE_COMPILATION_CONDITIONS = DEBUG;
				SWIFT_OPTIMIZATION_LEVEL = "-Onone";
			};
			name = Debug;
		};
		15EE93852A21227B00F2DF65 /* Release */ = {
			isa = XCBuildConfiguration;
			buildSettings = {
				ALWAYS_SEARCH_USER_PATHS = NO;
				CLANG_ANALYZER_NONNULL = YES;
				CLANG_ANALYZER_NUMBER_OBJECT_CONVERSION = YES_AGGRESSIVE;
				CLANG_CXX_LANGUAGE_STANDARD = "gnu++20";
				CLANG_ENABLE_MODULES = YES;
				CLANG_ENABLE_OBJC_ARC = YES;
				CLANG_ENABLE_OBJC_WEAK = YES;
				CLANG_WARN_BLOCK_CAPTURE_AUTORELEASING = YES;
				CLANG_WARN_BOOL_CONVERSION = YES;
				CLANG_WARN_COMMA = YES;
				CLANG_WARN_CONSTANT_CONVERSION = YES;
				CLANG_WARN_DEPRECATED_OBJC_IMPLEMENTATIONS = YES;
				CLANG_WARN_DIRECT_OBJC_ISA_USAGE = YES_ERROR;
				CLANG_WARN_DOCUMENTATION_COMMENTS = YES;
				CLANG_WARN_EMPTY_BODY = YES;
				CLANG_WARN_ENUM_CONVERSION = YES;
				CLANG_WARN_INFINITE_RECURSION = YES;
				CLANG_WARN_INT_CONVERSION = YES;
				CLANG_WARN_NON_LITERAL_NULL_CONVERSION = YES;
				CLANG_WARN_OBJC_IMPLICIT_RETAIN_SELF = YES;
				CLANG_WARN_OBJC_LITERAL_CONVERSION = YES;
				CLANG_WARN_OBJC_ROOT_CLASS = YES_ERROR;
				CLANG_WARN_QUOTED_INCLUDE_IN_FRAMEWORK_HEADER = YES;
				CLANG_WARN_RANGE_LOOP_ANALYSIS = YES;
				CLANG_WARN_STRICT_PROTOTYPES = YES;
				CLANG_WARN_SUSPICIOUS_MOVE = YES;
				CLANG_WARN_UNGUARDED_AVAILABILITY = YES_AGGRESSIVE;
				CLANG_WARN_UNREACHABLE_CODE = YES;
				CLANG_WARN__DUPLICATE_METHOD_MATCH = YES;
				COPY_PHASE_STRIP = NO;
				DEBUG_INFORMATION_FORMAT = "dwarf-with-dsym";
				ENABLE_NS_ASSERTIONS = NO;
				ENABLE_STRICT_OBJC_MSGSEND = YES;
				GCC_C_LANGUAGE_STANDARD = gnu11;
				GCC_NO_COMMON_BLOCKS = YES;
				GCC_WARN_64_TO_32_BIT_CONVERSION = YES;
				GCC_WARN_ABOUT_RETURN_TYPE = YES_ERROR;
				GCC_WARN_UNDECLARED_SELECTOR = YES;
				GCC_WARN_UNINITIALIZED_AUTOS = YES_AGGRESSIVE;
				GCC_WARN_UNUSED_FUNCTION = YES;
				GCC_WARN_UNUSED_VARIABLE = YES;
				IPHONEOS_DEPLOYMENT_TARGET = 16.4;
				MTL_ENABLE_DEBUG_INFO = NO;
				MTL_FAST_MATH = YES;
				SDKROOT = iphoneos;
				SWIFT_COMPILATION_MODE = wholemodule;
				SWIFT_OPTIMIZATION_LEVEL = "-O";
				VALIDATE_PRODUCT = YES;
			};
			name = Release;
		};
		15EE93872A21227B00F2DF65 /* Debug */ = {
			isa = XCBuildConfiguration;
			buildSettings = {
				ASSETCATALOG_COMPILER_APPICON_NAME = AppIcon;
				ASSETCATALOG_COMPILER_GLOBAL_ACCENT_COLOR_NAME = AccentColor;
				CODE_SIGN_STYLE = Automatic;
				CURRENT_PROJECT_VERSION = 1;
				DEVELOPMENT_ASSET_PATHS = "\"littleXgarden/Preview Content\"";
				DEVELOPMENT_TEAM = 38538272UX;
				ENABLE_PREVIEWS = YES;
				GENERATE_INFOPLIST_FILE = YES;
				INFOPLIST_FILE = littleXgarden/Info.plist;
				INFOPLIST_KEY_UIApplicationSceneManifest_Generation = YES;
				INFOPLIST_KEY_UIApplicationSupportsIndirectInputEvents = YES;
				INFOPLIST_KEY_UILaunchScreen_Generation = YES;
				INFOPLIST_KEY_UISupportedInterfaceOrientations_iPad = "UIInterfaceOrientationPortrait UIInterfaceOrientationPortraitUpsideDown UIInterfaceOrientationLandscapeLeft UIInterfaceOrientationLandscapeRight";
				INFOPLIST_KEY_UISupportedInterfaceOrientations_iPhone = "UIInterfaceOrientationPortrait UIInterfaceOrientationLandscapeLeft UIInterfaceOrientationLandscapeRight";
				LD_RUNPATH_SEARCH_PATHS = (
					"$(inherited)",
					"@executable_path/Frameworks",
				);
				MARKETING_VERSION = 1.0;
				PRODUCT_BUNDLE_IDENTIFIER = alexandre.littleXgarden;
				PRODUCT_NAME = "$(TARGET_NAME)";
				SWIFT_EMIT_LOC_STRINGS = YES;
				SWIFT_VERSION = 5.0;
				TARGETED_DEVICE_FAMILY = "1,2";
			};
			name = Debug;
		};
		15EE93882A21227B00F2DF65 /* Release */ = {
			isa = XCBuildConfiguration;
			buildSettings = {
				ASSETCATALOG_COMPILER_APPICON_NAME = AppIcon;
				ASSETCATALOG_COMPILER_GLOBAL_ACCENT_COLOR_NAME = AccentColor;
				CODE_SIGN_STYLE = Automatic;
				CURRENT_PROJECT_VERSION = 1;
				DEVELOPMENT_ASSET_PATHS = "\"littleXgarden/Preview Content\"";
				DEVELOPMENT_TEAM = 38538272UX;
				ENABLE_PREVIEWS = YES;
				GENERATE_INFOPLIST_FILE = YES;
				INFOPLIST_FILE = littleXgarden/Info.plist;
				INFOPLIST_KEY_UIApplicationSceneManifest_Generation = YES;
				INFOPLIST_KEY_UIApplicationSupportsIndirectInputEvents = YES;
				INFOPLIST_KEY_UILaunchScreen_Generation = YES;
				INFOPLIST_KEY_UISupportedInterfaceOrientations_iPad = "UIInterfaceOrientationPortrait UIInterfaceOrientationPortraitUpsideDown UIInterfaceOrientationLandscapeLeft UIInterfaceOrientationLandscapeRight";
				INFOPLIST_KEY_UISupportedInterfaceOrientations_iPhone = "UIInterfaceOrientationPortrait UIInterfaceOrientationLandscapeLeft UIInterfaceOrientationLandscapeRight";
				LD_RUNPATH_SEARCH_PATHS = (
					"$(inherited)",
					"@executable_path/Frameworks",
				);
				MARKETING_VERSION = 1.0;
				PRODUCT_BUNDLE_IDENTIFIER = alexandre.littleXgarden;
				PRODUCT_NAME = "$(TARGET_NAME)";
				SWIFT_EMIT_LOC_STRINGS = YES;
				SWIFT_VERSION = 5.0;
				TARGETED_DEVICE_FAMILY = "1,2";
			};
			name = Release;
		};
		15EE938A2A21227B00F2DF65 /* Debug */ = {
			isa = XCBuildConfiguration;
			buildSettings = {
				ALWAYS_EMBED_SWIFT_STANDARD_LIBRARIES = YES;
				BUNDLE_LOADER = "$(TEST_HOST)";
				CODE_SIGN_STYLE = Automatic;
				CURRENT_PROJECT_VERSION = 1;
				GENERATE_INFOPLIST_FILE = YES;
				IPHONEOS_DEPLOYMENT_TARGET = 16.4;
				MARKETING_VERSION = 1.0;
				PRODUCT_BUNDLE_IDENTIFIER = alexandre.littleXgardenTests;
				PRODUCT_NAME = "$(TARGET_NAME)";
				SWIFT_EMIT_LOC_STRINGS = NO;
				SWIFT_VERSION = 5.0;
				TARGETED_DEVICE_FAMILY = "1,2";
				TEST_HOST = "$(BUILT_PRODUCTS_DIR)/littleXgarden.app/$(BUNDLE_EXECUTABLE_FOLDER_PATH)/littleXgarden";
			};
			name = Debug;
		};
		15EE938B2A21227B00F2DF65 /* Release */ = {
			isa = XCBuildConfiguration;
			buildSettings = {
				ALWAYS_EMBED_SWIFT_STANDARD_LIBRARIES = YES;
				BUNDLE_LOADER = "$(TEST_HOST)";
				CODE_SIGN_STYLE = Automatic;
				CURRENT_PROJECT_VERSION = 1;
				GENERATE_INFOPLIST_FILE = YES;
				IPHONEOS_DEPLOYMENT_TARGET = 16.4;
				MARKETING_VERSION = 1.0;
				PRODUCT_BUNDLE_IDENTIFIER = alexandre.littleXgardenTests;
				PRODUCT_NAME = "$(TARGET_NAME)";
				SWIFT_EMIT_LOC_STRINGS = NO;
				SWIFT_VERSION = 5.0;
				TARGETED_DEVICE_FAMILY = "1,2";
				TEST_HOST = "$(BUILT_PRODUCTS_DIR)/littleXgarden.app/$(BUNDLE_EXECUTABLE_FOLDER_PATH)/littleXgarden";
			};
			name = Release;
		};
		15EE938D2A21227B00F2DF65 /* Debug */ = {
			isa = XCBuildConfiguration;
			buildSettings = {
				ALWAYS_EMBED_SWIFT_STANDARD_LIBRARIES = YES;
				CODE_SIGN_STYLE = Automatic;
				CURRENT_PROJECT_VERSION = 1;
				GENERATE_INFOPLIST_FILE = YES;
				MARKETING_VERSION = 1.0;
				PRODUCT_BUNDLE_IDENTIFIER = alexandre.littleXgardenUITests;
				PRODUCT_NAME = "$(TARGET_NAME)";
				SWIFT_EMIT_LOC_STRINGS = NO;
				SWIFT_VERSION = 5.0;
				TARGETED_DEVICE_FAMILY = "1,2";
				TEST_TARGET_NAME = littleXgarden;
			};
			name = Debug;
		};
		15EE938E2A21227B00F2DF65 /* Release */ = {
			isa = XCBuildConfiguration;
			buildSettings = {
				ALWAYS_EMBED_SWIFT_STANDARD_LIBRARIES = YES;
				CODE_SIGN_STYLE = Automatic;
				CURRENT_PROJECT_VERSION = 1;
				GENERATE_INFOPLIST_FILE = YES;
				MARKETING_VERSION = 1.0;
				PRODUCT_BUNDLE_IDENTIFIER = alexandre.littleXgardenUITests;
				PRODUCT_NAME = "$(TARGET_NAME)";
				SWIFT_EMIT_LOC_STRINGS = NO;
				SWIFT_VERSION = 5.0;
				TARGETED_DEVICE_FAMILY = "1,2";
				TEST_TARGET_NAME = littleXgarden;
			};
			name = Release;
		};
/* End XCBuildConfiguration section */

/* Begin XCConfigurationList section */
		15EE935D2A21227900F2DF65 /* Build configuration list for PBXProject "littleXgarden" */ = {
			isa = XCConfigurationList;
			buildConfigurations = (
				15EE93842A21227B00F2DF65 /* Debug */,
				15EE93852A21227B00F2DF65 /* Release */,
			);
			defaultConfigurationIsVisible = 0;
			defaultConfigurationName = Release;
		};
		15EE93862A21227B00F2DF65 /* Build configuration list for PBXNativeTarget "littleXgarden" */ = {
			isa = XCConfigurationList;
			buildConfigurations = (
				15EE93872A21227B00F2DF65 /* Debug */,
				15EE93882A21227B00F2DF65 /* Release */,
			);
			defaultConfigurationIsVisible = 0;
			defaultConfigurationName = Release;
		};
		15EE93892A21227B00F2DF65 /* Build configuration list for PBXNativeTarget "littleXgardenTests" */ = {
			isa = XCConfigurationList;
			buildConfigurations = (
				15EE938A2A21227B00F2DF65 /* Debug */,
				15EE938B2A21227B00F2DF65 /* Release */,
			);
			defaultConfigurationIsVisible = 0;
			defaultConfigurationName = Release;
		};
		15EE938C2A21227B00F2DF65 /* Build configuration list for PBXNativeTarget "littleXgardenUITests" */ = {
			isa = XCConfigurationList;
			buildConfigurations = (
				15EE938D2A21227B00F2DF65 /* Debug */,
				15EE938E2A21227B00F2DF65 /* Release */,
			);
			defaultConfigurationIsVisible = 0;
			defaultConfigurationName = Release;
		};
/* End XCConfigurationList section */
	};
	rootObject = 15EE935A2A21227900F2DF65 /* Project object */;
}
